
Microsoft Visual Studio Solution File, Format Version 12.00
# Visual Studio 15
VisualStudioVersion = 15.0.27004.2002
MinimumVisualStudioVersion = 10.0.40219.1
Project("{9A19103F-16F7-4668-BE54-9A1E7A4F7556}") = "feh-bot", "feh-bot\feh-bot.csproj", "{51A2E6E0-6C9E-4773-B4C9-39A4E9FC40CE}"
EndProject
Global
	GlobalSection(SolutionConfigurationPlatforms) = preSolution
		Debug|Any CPU = Debug|Any CPU
		Debug|x64 = Debug|x64
		Release|Any CPU = Release|Any CPU
		Release|x64 = Release|x64
	EndGlobalSection
	GlobalSection(ProjectConfigurationPlatforms) = postSolution
		{51A2E6E0-6C9E-4773-B4C9-39A4E9FC40CE}.Debug|Any CPU.ActiveCfg = Debug|Any CPU
		{51A2E6E0-6C9E-4773-B4C9-39A4E9FC40CE}.Debug|Any CPU.Build.0 = Debug|Any CPU
		{51A2E6E0-6C9E-4773-B4C9-39A4E9FC40CE}.Debug|x64.ActiveCfg = Debug|x64
		{51A2E6E0-6C9E-4773-B4C9-39A4E9FC40CE}.Debug|x64.Build.0 = Debug|x64
		{51A2E6E0-6C9E-4773-B4C9-39A4E9FC40CE}.Release|Any CPU.ActiveCfg = Release|Any CPU
		{51A2E6E0-6C9E-4773-B4C9-39A4E9FC40CE}.Release|Any CPU.Build.0 = Release|Any CPU
		{51A2E6E0-6C9E-4773-B4C9-39A4E9FC40CE}.Release|x64.ActiveCfg = Release|x64
		{51A2E6E0-6C9E-4773-B4C9-39A4E9FC40CE}.Release|x64.Build.0 = Release|x64
	EndGlobalSection
	GlobalSection(SolutionProperties) = preSolution
		HideSolutionNode = FALSE
	EndGlobalSection
	GlobalSection(ExtensibilityGlobals) = postSolution
		SolutionGuid = {A8E83815-CDD6-41EC-9144-C2D2A1CB7536}
	EndGlobalSection
EndGlobal
